
Microsoft Visual Studio Solution File, Format Version 12.00
# Visual Studio 15
VisualStudioVersion = 15.0.28307.168
MinimumVisualStudioVersion = 10.0.40219.1
Project("{9A19103F-16F7-4668-BE54-9A1E7A4F7556}") = "MovieApplication", "MovieApplication\MovieApplication.csproj", "{9F04C726-84E2-40F4-A20F-7748D3CBEDC0}"
EndProject
Project("{2150E333-8FDC-42A3-9474-1A3956D46DE8}") = "Presentation", "Presentation", "{1B4EB432-1C7A-4209-A81A-6E0DBAAC7E43}"
EndProject
Project("{2150E333-8FDC-42A3-9474-1A3956D46DE8}") = "Core", "Core", "{9CF28566-0FF4-4FC2-8CE0-F37A94A2FEEB}"
EndProject
Project("{2150E333-8FDC-42A3-9474-1A3956D46DE8}") = "Domain", "Domain", "{3DC240E5-8224-45DB-9A5B-9D2351E665A4}"
EndProject
Project("{9A19103F-16F7-4668-BE54-9A1E7A4F7556}") = "MovieApplication.Core", "MovieApplication.Core\MovieApplication.Core.csproj", "{1FF12377-30A3-4FCF-BCD7-FD5BF73AD46E}"
EndProject
Project("{9A19103F-16F7-4668-BE54-9A1E7A4F7556}") = "MovieApplication.Core.Data", "MovieApplication.Core.Data\MovieApplication.Core.Data.csproj", "{B251B7C1-DF7B-4519-BF8A-B1353183F3AA}"
EndProject
Project("{9A19103F-16F7-4668-BE54-9A1E7A4F7556}") = "MovieApplication.Domain.Dto", "MovieApplication.Domain.Dto\MovieApplication.Domain.Dto.csproj", "{D2AC69E9-B05C-43AD-BD4B-DBCB34E25430}"
EndProject
Project("{9A19103F-16F7-4668-BE54-9A1E7A4F7556}") = "MovieApplication.Domain.Mapper", "MovieApplication.Domain.Mapper\MovieApplication.Domain.Mapper.csproj", "{30F55AAC-AC44-4497-BF80-E6C0A43A96D8}"
EndProject
Project("{2150E333-8FDC-42A3-9474-1A3956D46DE8}") = "Helpers", "Helpers", "{B118C0C3-3194-4BC9-969C-F9C40B4E9541}"
EndProject
Project("{9A19103F-16F7-4668-BE54-9A1E7A4F7556}") = "MovieApplication.Helpers", "MovieApplication.Helpers\MovieApplication.Helpers.csproj", "{2CF6677A-CA40-495F-9FF3-7BA761ABBC7A}"
EndProject
Project("{FAE04EC0-301F-11D3-BF4B-00C04F79EFBC}") = "MovieApplication.Helpers.Hangfire", "MovieApplication.Helpers.Hangfire\MovieApplication.Helpers.Hangfire.csproj", "{D2A0FFC2-BC01-4403-B868-0E625048E1C0}"
EndProject
Global
	GlobalSection(SolutionConfigurationPlatforms) = preSolution
		Debug|Any CPU = Debug|Any CPU
		Release|Any CPU = Release|Any CPU
	EndGlobalSection
	GlobalSection(ProjectConfigurationPlatforms) = postSolution
		{9F04C726-84E2-40F4-A20F-7748D3CBEDC0}.Debug|Any CPU.ActiveCfg = Debug|Any CPU
		{9F04C726-84E2-40F4-A20F-7748D3CBEDC0}.Debug|Any CPU.Build.0 = Debug|Any CPU
		{9F04C726-84E2-40F4-A20F-7748D3CBEDC0}.Release|Any CPU.ActiveCfg = Release|Any CPU
		{9F04C726-84E2-40F4-A20F-7748D3CBEDC0}.Release|Any CPU.Build.0 = Release|Any CPU
		{1FF12377-30A3-4FCF-BCD7-FD5BF73AD46E}.Debug|Any CPU.ActiveCfg = Debug|Any CPU
		{1FF12377-30A3-4FCF-BCD7-FD5BF73AD46E}.Debug|Any CPU.Build.0 = Debug|Any CPU
		{1FF12377-30A3-4FCF-BCD7-FD5BF73AD46E}.Release|Any CPU.ActiveCfg = Release|Any CPU
		{1FF12377-30A3-4FCF-BCD7-FD5BF73AD46E}.Release|Any CPU.Build.0 = Release|Any CPU
		{B251B7C1-DF7B-4519-BF8A-B1353183F3AA}.Debug|Any CPU.ActiveCfg = Debug|Any CPU
		{B251B7C1-DF7B-4519-BF8A-B1353183F3AA}.Debug|Any CPU.Build.0 = Debug|Any CPU
		{B251B7C1-DF7B-4519-BF8A-B1353183F3AA}.Release|Any CPU.ActiveCfg = Release|Any CPU
		{B251B7C1-DF7B-4519-BF8A-B1353183F3AA}.Release|Any CPU.Build.0 = Release|Any CPU
		{D2AC69E9-B05C-43AD-BD4B-DBCB34E25430}.Debug|Any CPU.ActiveCfg = Debug|Any CPU
		{D2AC69E9-B05C-43AD-BD4B-DBCB34E25430}.Debug|Any CPU.Build.0 = Debug|Any CPU
		{D2AC69E9-B05C-43AD-BD4B-DBCB34E25430}.Release|Any CPU.ActiveCfg = Release|Any CPU
		{D2AC69E9-B05C-43AD-BD4B-DBCB34E25430}.Release|Any CPU.Build.0 = Release|Any CPU
		{30F55AAC-AC44-4497-BF80-E6C0A43A96D8}.Debug|Any CPU.ActiveCfg = Debug|Any CPU
		{30F55AAC-AC44-4497-BF80-E6C0A43A96D8}.Debug|Any CPU.Build.0 = Debug|Any CPU
		{30F55AAC-AC44-4497-BF80-E6C0A43A96D8}.Release|Any CPU.ActiveCfg = Release|Any CPU
		{30F55AAC-AC44-4497-BF80-E6C0A43A96D8}.Release|Any CPU.Build.0 = Release|Any CPU
		{2CF6677A-CA40-495F-9FF3-7BA761ABBC7A}.Debug|Any CPU.ActiveCfg = Debug|Any CPU
		{2CF6677A-CA40-495F-9FF3-7BA761ABBC7A}.Debug|Any CPU.Build.0 = Debug|Any CPU
		{2CF6677A-CA40-495F-9FF3-7BA761ABBC7A}.Release|Any CPU.ActiveCfg = Release|Any CPU
		{2CF6677A-CA40-495F-9FF3-7BA761ABBC7A}.Release|Any CPU.Build.0 = Release|Any CPU
		{D2A0FFC2-BC01-4403-B868-0E625048E1C0}.Debug|Any CPU.ActiveCfg = Debug|Any CPU
		{D2A0FFC2-BC01-4403-B868-0E625048E1C0}.Debug|Any CPU.Build.0 = Debug|Any CPU
		{D2A0FFC2-BC01-4403-B868-0E625048E1C0}.Release|Any CPU.ActiveCfg = Release|Any CPU
		{D2A0FFC2-BC01-4403-B868-0E625048E1C0}.Release|Any CPU.Build.0 = Release|Any CPU
	EndGlobalSection
	GlobalSection(SolutionProperties) = preSolution
		HideSolutionNode = FALSE
	EndGlobalSection
	GlobalSection(NestedProjects) = preSolution
		{9F04C726-84E2-40F4-A20F-7748D3CBEDC0} = {1B4EB432-1C7A-4209-A81A-6E0DBAAC7E43}
		{1FF12377-30A3-4FCF-BCD7-FD5BF73AD46E} = {9CF28566-0FF4-4FC2-8CE0-F37A94A2FEEB}
		{B251B7C1-DF7B-4519-BF8A-B1353183F3AA} = {9CF28566-0FF4-4FC2-8CE0-F37A94A2FEEB}
		{D2AC69E9-B05C-43AD-BD4B-DBCB34E25430} = {3DC240E5-8224-45DB-9A5B-9D2351E665A4}
		{30F55AAC-AC44-4497-BF80-E6C0A43A96D8} = {3DC240E5-8224-45DB-9A5B-9D2351E665A4}
		{2CF6677A-CA40-495F-9FF3-7BA761ABBC7A} = {B118C0C3-3194-4BC9-969C-F9C40B4E9541}
		{D2A0FFC2-BC01-4403-B868-0E625048E1C0} = {B118C0C3-3194-4BC9-969C-F9C40B4E9541}
	EndGlobalSection
	GlobalSection(ExtensibilityGlobals) = postSolution
		SolutionGuid = {5149AD0D-DC5B-4DE2-AA85-3731B1F5134C}
	EndGlobalSection
EndGlobal
